PODS:
  - app_tracking_transparency (0.0.1):
    - Flutter
  - Flutter (1.0.0)
  - Google-Mobile-Ads-SDK (12.3.0):
    - GoogleUserMessagingPlatform (>= 1.1)
  - GoogleUserMessagingPlatform (3.0.0)
  - integration_test (0.0.1):
    - Flutter
  - setupad_prebid_flutter (0.0.1):
    - Flutter
    - Google-Mobile-Ads-SDK (= 12.3.0)
    - VeonPrebidMobile (= 0.0.3)
    - VeonPrebidMobileGAMEventHandlers (= 0.0.3)
  - VeonPrebidMobile (0.0.3):
    - VeonPrebidMobile/core (= 0.0.3)
  - VeonPrebidMobile/core (0.0.3)
  - VeonPrebidMobileGAMEventHandlers (0.0.3):
    - Google-Mobile-Ads-SDK (>= 12.0.0)
    - VeonPrebidMobile (= 0.0.3)

DEPENDENCIES:
  - app_tracking_transparency (from `.symlinks/plugins/app_tracking_transparency/ios`)
  - Flutter (from `Flutter`)
  - integration_test (from `.symlinks/plugins/integration_test/ios`)
  - setupad_prebid_flutter (from `.symlinks/plugins/setupad_prebid_flutter/ios`)

SPEC REPOS:
  trunk:
    - Google-Mobile-Ads-SDK
    - GoogleUserMessagingPlatform
    - VeonPrebidMobile
    - VeonPrebidMobileGAMEventHandlers

EXTERNAL SOURCES:
  app_tracking_transparency:
    :path: ".symlinks/plugins/app_tracking_transparency/ios"
  Flutter:
    :path: Flutter
  integration_test:
    :path: ".symlinks/plugins/integration_test/ios"
  setupad_prebid_flutter:
    :path: ".symlinks/plugins/setupad_prebid_flutter/ios"

SPEC CHECKSUMS:
  app_tracking_transparency: 3d84f147f67ca82d3c15355c36b1fa6b66ca7c92
  Flutter: e0871f40cf51350855a761d2e70bf5af5b9b5de7
  Google-Mobile-Ads-SDK: 01b1b77e0bdba8b4027ae62e9bd52e5a95d930aa
  GoogleUserMessagingPlatform: f8d0cdad3ca835406755d0a69aa634f00e76d576
  integration_test: 4a889634ef21a45d28d50d622cf412dc6d9f586e
  setupad_prebid_flutter: bf6a4052db112184b3bbf5ab857acaac21d08754
  VeonPrebidMobile: f199590fdf1d49ebf4d0324fd7073a9bb4992218
  VeonPrebidMobileGAMEventHandlers: 7a4280c1ea0fa38c989a817676eee84034ed39f1

PODFILE CHECKSUM: 4e8f8b2be68aeea4c0d5beb6ff1e79fface1d048

COCOAPODS: 1.16.2
